
Microsoft Visual Studio Solution File, Format Version 12.00
# Visual Studio 14
VisualStudioVersion = 14.0.25420.1
MinimumVisualStudioVersion = 10.0.40219.1
Project("{FAE04EC0-301F-11D3-BF4B-00C04F79EFBC}") = "AutoBackupDatabase", "AutoBackupDatabase\AutoBackupDatabase.csproj", "{A175E7D6-D323-4BE0-B5C1-A3945F3171BF}"
EndProject
Project("{FAE04EC0-301F-11D3-BF4B-00C04F79EFBC}") = "PlanBackupDatabase", "PlanBackupDatabase\PlanBackupDatabase.csproj", "{6E165609-FA8E-45FF-A3B7-5D3EDD5F4E1A}"
EndProject
Global
	GlobalSection(SolutionConfigurationPlatforms) = preSolution
		Debug|Any CPU = Debug|Any CPU
		Release|Any CPU = Release|Any CPU
	EndGlobalSection
	GlobalSection(ProjectConfigurationPlatforms) = postSolution
		{A175E7D6-D323-4BE0-B5C1-A3945F3171BF}.Debug|Any CPU.ActiveCfg = Debug|Any CPU
		{A175E7D6-D323-4BE0-B5C1-A3945F3171BF}.Debug|Any CPU.Build.0 = Debug|Any CPU
		{A175E7D6-D323-4BE0-B5C1-A3945F3171BF}.Release|Any CPU.ActiveCfg = Release|Any CPU
		{A175E7D6-D323-4BE0-B5C1-A3945F3171BF}.Release|Any CPU.Build.0 = Release|Any CPU
		{6E165609-FA8E-45FF-A3B7-5D3EDD5F4E1A}.Debug|Any CPU.ActiveCfg = Debug|Any CPU
		{6E165609-FA8E-45FF-A3B7-5D3EDD5F4E1A}.Debug|Any CPU.Build.0 = Debug|Any CPU
		{6E165609-FA8E-45FF-A3B7-5D3EDD5F4E1A}.Release|Any CPU.ActiveCfg = Release|Any CPU
		{6E165609-FA8E-45FF-A3B7-5D3EDD5F4E1A}.Release|Any CPU.Build.0 = Release|Any CPU
	EndGlobalSection
	GlobalSection(SolutionProperties) = preSolution
		HideSolutionNode = FALSE
	EndGlobalSection
EndGlobal
